version = 1
revision = 3
requires-python = ">=3.9"
resolution-markers = [
    "python_full_version >= '3.10'",
    "python_full_version < '3.10'",
]

[[package]]
name = "asgiref"
version = "3.11.0"
source = { registry = "https://pypi.org/simple" }
dependencies = [
    { name = "typing-extensions", marker = "python_full_version < '3.11'" },
]
sdist = { url = "https://files.pythonhosted.org/packages/76/b9/4db2509eabd14b4a8c71d1b24c8d5734c52b8560a7b1e1a8b56c8d25568b/asgiref-3.11.0.tar.gz", hash = "sha256:13acff32519542a1736223fb79a715acdebe24286d98e8b164a73085f40da2c4", size = 37969, upload-time = "2025-11-19T15:32:20.106Z" }
wheels = [
    { url = "https://files.pythonhosted.org/packages/91/be/317c2c55b8bbec407257d45f5c8d1b6867abc76d12043f2d3d58c538a4ea/asgiref-3.11.0-py3-none-any.whl", hash = "sha256:1db9021efadb0d9512ce8ffaf72fcef601c7b73a8807a1bb2ef143dc6b14846d", size = 24096, upload-time = "2025-11-19T15:32:19.004Z" },
]

[[package]]
name = "async-timeout"
version = "4.0.3"
source = { registry = "https://pypi.org/simple" }
sdist = { url = "https://files.pythonhosted.org/packages/87/d6/21b30a550dafea84b1b8eee21b5e23fa16d010ae006011221f33dcd8d7f8/async-timeout-4.0.3.tar.gz", hash = "sha256:4640d96be84d82d02ed59ea2b7105a0f7b33abe8703703cd0ab0bf87c427522f", size = 8345, upload-time = "2023-08-10T16:35:56.907Z" }
wheels = [
    { url = "https://files.pythonhosted.org/packages/a7/fa/e01228c2938de91d47b307831c62ab9e4001e747789d0b05baf779a6488c/async_timeout-4.0.3-py3-none-any.whl", hash = "sha256:7405140ff1230c310e51dc27b3145b9092d659ce68ff733fb0cefe3ee42be028", size = 5721, upload-time = "2023-08-10T16:35:55.203Z" },
]

[[package]]
name = "backports-asyncio-runner"
version = "1.2.0"
source = { registry = "https://pypi.org/simple" }
sdist = { url = "https://files.pythonhosted.org/packages/8e/ff/70dca7d7cb1cbc0edb2c6cc0c38b65cba36cccc491eca64cabd5fe7f8670/backports_asyncio_runner-1.2.0.tar.gz", hash = "sha256:a5aa7b2b7d8f8bfcaa2b57313f70792df84e32a2a746f585213373f900b42162", size = 69893, upload-time = "2025-07-02T02:27:15.685Z" }
wheels = [
    { url = "https://files.pythonhosted.org/packages/a0/59/76ab57e3fe74484f48a53f8e337171b4a2349e506eabe136d7e01d059086/backports_asyncio_runner-1.2.0-py3-none-any.whl", hash = "sha256:0da0a936a8aeb554eccb426dc55af3ba63bcdc69fa1a600b5bb305413a4477b5", size = 12313, upload-time = "2025-07-02T02:27:14.263Z" },
]

[[package]]
name = "colorama"
version = "0.4.6"
source = { registry = "https://pypi.org/simple" }
sdist = { url = "https://files.pythonhosted.org/packages/d8/53/6f443c9a4a8358a93a6792e2acffb9d9d5cb0a5cfd8802644b7b1c9a02e4/colorama-0.4.6.tar.gz", hash = "sha256:08695f5cb7ed6e0531a20572697297273c47b8cae5a63ffc6d6ed5c201be6e44", size = 27697, upload-time = "2022-10-25T02:36:22.414Z" }
wheels = [
    { url = "https://files.pythonhosted.org/packages/d1/d6/3965ed04c63042e047cb6a3e6ed1a63a35087b6a609aa3a15ed8ac56c221/colorama-0.4.6-py2.py3-none-any.whl", hash = "sha256:4f1d9991f5acc0ca119f9d443620b77f9d6b33703e51011c16baf57afb285fc6", size = 25335, upload-time = "2022-10-25T02:36:20.889Z" },
]

[[package]]
name = "exceptiongroup"
version = "1.3.1"
source = { registry = "https://pypi.org/simple" }
dependencies = [
    { name = "typing-extensions", marker = "python_full_version < '3.13'" },
]
sdist = { url = "https://files.pythonhosted.org/packages/50/79/66800aadf48771f6b62f7eb014e352e5d06856655206165d775e675a02c9/exceptiongroup-1.3.1.tar.gz", hash = "sha256:8b412432c6055b0b7d14c310000ae93352ed6754f70fa8f7c34141f91c4e3219", size = 30371, upload-time = "2025-11-21T23:01:54.787Z" }
wheels = [
    { url = "https://files.pythonhosted.org/packages/8a/0e/97c33bf5009bdbac74fd2beace167cab3f978feb69cc36f1ef79360d6c4e/exceptiongroup-1.3.1-py3-none-any.whl", hash = "sha256:a7a39a3bd276781e98394987d3a5701d0c4edffb633bb7a5144577f82c773598", size = 16740, upload-time = "2025-11-21T23:01:53.443Z" },
]

[[package]]
name = "fakeredis"
version = "2.23.3"
source = { registry = "https://pypi.org/simple" }
dependencies = [
    { name = "redis", version = "7.0.1", source = { registry = "https://pypi.org/simple" }, marker = "python_full_version < '3.10'" },
    { name = "redis", version = "7.1.0", source = { registry = "https://pypi.org/simple" }, marker = "python_full_version >= '3.10'" },
    { name = "sortedcontainers" },
    { name = "typing-extensions", marker = "python_full_version < '3.11'" },
]
sdist = { url = "https://files.pythonhosted.org/packages/59/be/13692b131793266ecbe6e43c9d713116824a7a377e8588d38f4d590cfe0c/fakeredis-2.23.3.tar.gz", hash = "sha256:0c67caa31530114f451f012eca920338c5eb83fa7f1f461dd41b8d2488a99cba", size = 133000, upload-time = "2024-06-29T17:22:00.041Z" }
wheels = [
    { url = "https://files.pythonhosted.org/packages/64/5e/fde315bcd4189af459e49823643a0f75dea34ceb6cf2c1b8b308ac0fc186/fakeredis-2.23.3-py3-none-any.whl", hash = "sha256:4779be828f4ebf53e1a286fd11e2ffe0f510d3e5507f143d644e67a07387d759", size = 87934, upload-time = "2024-06-29T17:21:57.721Z" },
]

[[package]]
name = "importlib-metadata"
version = "8.4.0"
source = { registry = "https://pypi.org/simple" }
dependencies = [
    { name = "zipp" },
]
sdist = { url = "https://files.pythonhosted.org/packages/c0/bd/fa8ce65b0a7d4b6d143ec23b0f5fd3f7ab80121078c465bc02baeaab22dc/importlib_metadata-8.4.0.tar.gz", hash = "sha256:9a547d3bc3608b025f93d403fdd1aae741c24fbb8314df4b155675742ce303c5", size = 54320, upload-time = "2024-08-20T17:11:42.348Z" }
wheels = [
    { url = "https://files.pythonhosted.org/packages/c0/14/362d31bf1076b21e1bcdcb0dc61944822ff263937b804a79231df2774d28/importlib_metadata-8.4.0-py3-none-any.whl", hash = "sha256:66f342cc6ac9818fc6ff340576acd24d65ba0b3efabb2b4ac08b598965a4a2f1", size = 26269, upload-time = "2024-08-20T17:11:41.102Z" },
]

[[package]]
name = "iniconfig"
version = "2.0.0"
source = { registry = "https://pypi.org/simple" }
sdist = { url = "https://files.pythonhosted.org/packages/d7/4b/cbd8e699e64a6f16ca3a8220661b5f83792b3017d0f79807cb8708d33913/iniconfig-2.0.0.tar.gz", hash = "sha256:2d91e135bf72d31a410b17c16da610a82cb55f6b0477d1a902134b24a455b8b3", size = 4646, upload-time = "2023-01-07T11:08:11.254Z" }
wheels = [
    { url = "https://files.pythonhosted.org/packages/ef/a6/62565a6e1cf69e10f5727360368e451d4b7f58beeac6173dc9db836a5b46/iniconfig-2.0.0-py3-none-any.whl", hash = "sha256:b6a85871a79d2e3b22d2d1b94ac2824226a63c6b741c88f7ae975f18b6778374", size = 5892, upload-time = "2023-01-07T11:08:09.864Z" },
]

[[package]]
name = "opentelemetry-api"
version = "1.38.0"
source = { registry = "https://pypi.org/simple" }
dependencies = [
    { name = "importlib-metadata" },
    { name = "typing-extensions" },
]
sdist = { url = "https://files.pythonhosted.org/packages/08/d8/0f354c375628e048bd0570645b310797299754730079853095bf000fba69/opentelemetry_api-1.38.0.tar.gz", hash = "sha256:f4c193b5e8acb0912b06ac5b16321908dd0843d75049c091487322284a3eea12", size = 65242, upload-time = "2025-10-16T08:35:50.25Z" }
wheels = [
    { url = "https://files.pythonhosted.org/packages/ae/a2/d86e01c28300bd41bab8f18afd613676e2bd63515417b77636fc1add426f/opentelemetry_api-1.38.0-py3-none-any.whl", hash = "sha256:2891b0197f47124454ab9f0cf58f3be33faca394457ac3e09daba13ff50aa582", size = 65947, upload-time = "2025-10-16T08:35:30.23Z" },
]

[[package]]
name = "opentelemetry-instrumentation"
version = "0.59b0"
source = { registry = "https://pypi.org/simple" }
dependencies = [
    { name = "opentelemetry-api" },
    { name = "opentelemetry-semantic-conventions" },
    { name = "packaging" },
    { name = "wrapt" },
]
sdist = { url = "https://files.pythonhosted.org/packages/04/ed/9c65cd209407fd807fa05be03ee30f159bdac8d59e7ea16a8fe5a1601222/opentelemetry_instrumentation-0.59b0.tar.gz", hash = "sha256:6010f0faaacdaf7c4dff8aac84e226d23437b331dcda7e70367f6d73a7db1adc", size = 31544, upload-time = "2025-10-16T08:39:31.959Z" }
wheels = [
    { url = "https://files.pythonhosted.org/packages/10/f5/7a40ff3f62bfe715dad2f633d7f1174ba1a7dd74254c15b2558b3401262a/opentelemetry_instrumentation-0.59b0-py3-none-any.whl", hash = "sha256:44082cc8fe56b0186e87ee8f7c17c327c4c2ce93bdbe86496e600985d74368ee", size = 33020, upload-time = "2025-10-16T08:38:31.463Z" },
]

[[package]]
name = "opentelemetry-python-contrib-external-valkey"
version = "0.59b0"
source = { editable = "." }
dependencies = [
    { name = "opentelemetry-api" },
    { name = "opentelemetry-instrumentation" },
    { name = "opentelemetry-semantic-conventions" },
    { name = "wrapt" },
]

[package.dev-dependencies]
dev = [
    { name = "fakeredis" },
    { name = "opentelemetry-test-utils" },
    { name = "pytest", version = "8.4.2", source = { registry = "https://pypi.org/simple" }, marker = "python_full_version < '3.10'" },
    { name = "pytest", version = "9.0.1", source = { registry = "https://pypi.org/simple" }, marker = "python_full_version >= '3.10'" },
    { name = "pytest-asyncio", version = "1.2.0", source = { registry = "https://pypi.org/simple" }, marker = "python_full_version < '3.10'" },
    { name = "pytest-asyncio", version = "1.3.0", source = { registry = "https://pypi.org/simple" }, marker = "python_full_version >= '3.10'" },
    { name = "valkey" },
]
instruments = [
    { name = "valkey" },
]

[package.metadata]
requires-dist = [
    { name = "opentelemetry-api", specifier = "~=1.12" },
    { name = "opentelemetry-instrumentation", specifier = "==0.59b0" },
    { name = "opentelemetry-semantic-conventions", specifier = "==0.59b0" },
    { name = "wrapt", specifier = ">=1.12.1" },
]

[package.metadata.requires-dev]
dev = [
    { name = "fakeredis", specifier = "==2.23.3" },
    { name = "opentelemetry-test-utils", specifier = "==0.59b0" },
    { name = "pytest", specifier = ">=7.4.4" },
    { name = "pytest-asyncio", specifier = ">=1.2.0" },
    { name = "valkey", specifier = ">=6.1.0" },
]
instruments = [{ name = "valkey", specifier = ">=6.1.0" }]

[[package]]
name = "opentelemetry-sdk"
version = "1.38.0"
source = { registry = "https://pypi.org/simple" }
dependencies = [
    { name = "opentelemetry-api" },
    { name = "opentelemetry-semantic-conventions" },
    { name = "typing-extensions" },
]
sdist = { url = "https://files.pythonhosted.org/packages/85/cb/f0eee1445161faf4c9af3ba7b848cc22a50a3d3e2515051ad8628c35ff80/opentelemetry_sdk-1.38.0.tar.gz", hash = "sha256:93df5d4d871ed09cb4272305be4d996236eedb232253e3ab864c8620f051cebe", size = 171942, upload-time = "2025-10-16T08:36:02.257Z" }
wheels = [
    { url = "https://files.pythonhosted.org/packages/2f/2e/e93777a95d7d9c40d270a371392b6d6f1ff170c2a3cb32d6176741b5b723/opentelemetry_sdk-1.38.0-py3-none-any.whl", hash = "sha256:1c66af6564ecc1553d72d811a01df063ff097cdc82ce188da9951f93b8d10f6b", size = 132349, upload-time = "2025-10-16T08:35:46.995Z" },
]

[[package]]
name = "opentelemetry-semantic-conventions"
version = "0.59b0"
source = { registry = "https://pypi.org/simple" }
dependencies = [
    { name = "opentelemetry-api" },
    { name = "typing-extensions" },
]
sdist = { url = "https://files.pythonhosted.org/packages/40/bc/8b9ad3802cd8ac6583a4eb7de7e5d7db004e89cb7efe7008f9c8a537ee75/opentelemetry_semantic_conventions-0.59b0.tar.gz", hash = "sha256:7a6db3f30d70202d5bf9fa4b69bc866ca6a30437287de6c510fb594878aed6b0", size = 129861, upload-time = "2025-10-16T08:36:03.346Z" }
wheels = [
    { url = "https://files.pythonhosted.org/packages/24/7d/c88d7b15ba8fe5c6b8f93be50fc11795e9fc05386c44afaf6b76fe191f9b/opentelemetry_semantic_conventions-0.59b0-py3-none-any.whl", hash = "sha256:35d3b8833ef97d614136e253c1da9342b4c3c083bbaf29ce31d572a1c3825eed", size = 207954, upload-time = "2025-10-16T08:35:48.054Z" },
]

[[package]]
name = "opentelemetry-test-utils"
version = "0.59b0"
source = { registry = "https://pypi.org/simple" }
dependencies = [
    { name = "asgiref" },
    { name = "opentelemetry-api" },
    { name = "opentelemetry-sdk" },
]
sdist = { url = "https://files.pythonhosted.org/packages/ac/d6/c5c71afbb16a4c22f5c4c7323c434bc6872d4f81fb8e04b90ae26d4bbeff/opentelemetry_test_utils-0.59b0.tar.gz", hash = "sha256:e16c3b6012cb3eacaca73fc9105b2a927b7eb1c8b6ad9f01a00f7ee464dd156c", size = 8571, upload-time = "2025-10-16T08:36:04.455Z" }
wheels = [
    { url = "https://files.pythonhosted.org/packages/7f/62/f0d0ad218221dc896f039dc5a646bc080b0e98f9e87cab59831c28c8cbe2/opentelemetry_test_utils-0.59b0-py3-none-any.whl", hash = "sha256:c7f5b6ce4423509b4ae9ec4f0fd892746f2d26dce69b6f842e8f05ed3206730f", size = 14608, upload-time = "2025-10-16T08:35:49.412Z" },
]

[[package]]
name = "packaging"
version = "24.0"
source = { registry = "https://pypi.org/simple" }
sdist = { url = "https://files.pythonhosted.org/packages/ee/b5/b43a27ac7472e1818c4bafd44430e69605baefe1f34440593e0332ec8b4d/packaging-24.0.tar.gz", hash = "sha256:eb82c5e3e56209074766e6885bb04b8c38a0c015d0a30036ebe7ece34c9989e9", size = 147882, upload-time = "2024-03-10T09:39:28.33Z" }
wheels = [
    { url = "https://files.pythonhosted.org/packages/49/df/1fceb2f8900f8639e278b056416d49134fb8d84c5942ffaa01ad34782422/packaging-24.0-py3-none-any.whl", hash = "sha256:2ddfb553fdf02fb784c234c7ba6ccc288296ceabec964ad2eae3777778130bc5", size = 53488, upload-time = "2024-03-10T09:39:25.947Z" },
]

[[package]]
name = "pluggy"
version = "1.5.0"
source = { registry = "https://pypi.org/simple" }
sdist = { url = "https://files.pythonhosted.org/packages/96/2d/02d4312c973c6050a18b314a5ad0b3210edb65a906f868e31c111dede4a6/pluggy-1.5.0.tar.gz", hash = "sha256:2cffa88e94fdc978c4c574f15f9e59b7f4201d439195c3715ca9e2486f1d0cf1", size = 67955, upload-time = "2024-04-20T21:34:42.531Z" }
wheels = [
    { url = "https://files.pythonhosted.org/packages/88/5f/e351af9a41f866ac3f1fac4ca0613908d9a41741cfcf2228f4ad853b697d/pluggy-1.5.0-py3-none-any.whl", hash = "sha256:44e1ad92c8ca002de6377e165f3e0f1be63266ab4d554740532335b9d75ea669", size = 20556, upload-time = "2024-04-20T21:34:40.434Z" },
]

[[package]]
name = "pygments"
version = "2.19.2"
source = { registry = "https://pypi.org/simple" }
sdist = { url = "https://files.pythonhosted.org/packages/b0/77/a5b8c569bf593b0140bde72ea885a803b82086995367bf2037de0159d924/pygments-2.19.2.tar.gz", hash = "sha256:636cb2477cec7f8952536970bc533bc43743542f70392ae026374600add5b887", size = 4968631, upload-time = "2025-06-21T13:39:12.283Z" }
wheels = [
    { url = "https://files.pythonhosted.org/packages/c7/21/705964c7812476f378728bdf590ca4b771ec72385c533964653c68e86bdc/pygments-2.19.2-py3-none-any.whl", hash = "sha256:86540386c03d588bb81d44bc3928634ff26449851e99741617ecb9037ee5ec0b", size = 1225217, upload-time = "2025-06-21T13:39:07.939Z" },
]

[[package]]
name = "pytest"
version = "8.4.2"
source = { registry = "https://pypi.org/simple" }
resolution-markers = [
    "python_full_version < '3.10'",
]
dependencies = [
    { name = "colorama", marker = "python_full_version < '3.10' and sys_platform == 'win32'" },
    { name = "exceptiongroup", marker = "python_full_version < '3.10'" },
    { name = "iniconfig", marker = "python_full_version < '3.10'" },
    { name = "packaging", marker = "python_full_version < '3.10'" },
    { name = "pluggy", marker = "python_full_version < '3.10'" },
    { name = "pygments", marker = "python_full_version < '3.10'" },
    { name = "tomli", marker = "python_full_version < '3.10'" },
]
sdist = { url = "https://files.pythonhosted.org/packages/a3/5c/00a0e072241553e1a7496d638deababa67c5058571567b92a7eaa258397c/pytest-8.4.2.tar.gz", hash = "sha256:86c0d0b93306b961d58d62a4db4879f27fe25513d4b969df351abdddb3c30e01", size = 1519618, upload-time = "2025-09-04T14:34:22.711Z" }
wheels = [
    { url = "https://files.pythonhosted.org/packages/a8/a4/20da314d277121d6534b3a980b29035dcd51e6744bd79075a6ce8fa4eb8d/pytest-8.4.2-py3-none-any.whl", hash = "sha256:872f880de3fc3a5bdc88a11b39c9710c3497a547cfa9320bc3c5e62fbf272e79", size = 365750, upload-time = "2025-09-04T14:34:20.226Z" },
]

[[package]]
name = "pytest"
version = "9.0.1"
source = { registry = "https://pypi.org/simple" }
resolution-markers = [
    "python_full_version >= '3.10'",
]
dependencies = [
    { name = "colorama", marker = "python_full_version >= '3.10' and sys_platform == 'win32'" },
    { name = "exceptiongroup", marker = "python_full_version == '3.10.*'" },
    { name = "iniconfig", marker = "python_full_version >= '3.10'" },
    { name = "packaging", marker = "python_full_version >= '3.10'" },
    { name = "pluggy", marker = "python_full_version >= '3.10'" },
    { name = "pygments", marker = "python_full_version >= '3.10'" },
    { name = "tomli", marker = "python_full_version == '3.10.*'" },
]
sdist = { url = "https://files.pythonhosted.org/packages/07/56/f013048ac4bc4c1d9be45afd4ab209ea62822fb1598f40687e6bf45dcea4/pytest-9.0.1.tar.gz", hash = "sha256:3e9c069ea73583e255c3b21cf46b8d3c56f6e3a1a8f6da94ccb0fcf57b9d73c8", size = 1564125, upload-time = "2025-11-12T13:05:09.333Z" }
wheels = [
    { url = "https://files.pythonhosted.org/packages/0b/8b/6300fb80f858cda1c51ffa17075df5d846757081d11ab4aa35cef9e6258b/pytest-9.0.1-py3-none-any.whl", hash = "sha256:67be0030d194df2dfa7b556f2e56fb3c3315bd5c8822c6951162b92b32ce7dad", size = 373668, upload-time = "2025-11-12T13:05:07.379Z" },
]

[[package]]
name = "pytest-asyncio"
version = "1.2.0"
source = { registry = "https://pypi.org/simple" }
resolution-markers = [
    "python_full_version < '3.10'",
]
dependencies = [
    { name = "backports-asyncio-runner", marker = "python_full_version < '3.10'" },
    { name = "pytest", version = "8.4.2", source = { registry = "https://pypi.org/simple" }, marker = "python_full_version < '3.10'" },
    { name = "typing-extensions", marker = "python_full_version < '3.10'" },
]
sdist = { url = "https://files.pythonhosted.org/packages/42/86/9e3c5f48f7b7b638b216e4b9e645f54d199d7abbbab7a64a13b4e12ba10f/pytest_asyncio-1.2.0.tar.gz", hash = "sha256:c609a64a2a8768462d0c99811ddb8bd2583c33fd33cf7f21af1c142e824ffb57", size = 50119, upload-time = "2025-09-12T07:33:53.816Z" }
wheels = [
    { url = "https://files.pythonhosted.org/packages/04/93/2fa34714b7a4ae72f2f8dad66ba17dd9a2c793220719e736dda28b7aec27/pytest_asyncio-1.2.0-py3-none-any.whl", hash = "sha256:8e17ae5e46d8e7efe51ab6494dd2010f4ca8dae51652aa3c8d55acf50bfb2e99", size = 15095, upload-time = "2025-09-12T07:33:52.639Z" },
]

[[package]]
name = "pytest-asyncio"
version = "1.3.0"
source = { registry = "https://pypi.org/simple" }
resolution-markers = [
    "python_full_version >= '3.10'",
]
dependencies = [
    { name = "backports-asyncio-runner", marker = "python_full_version == '3.10.*'" },
    { name = "pytest", version = "9.0.1", source = { registry = "https://pypi.org/simple" }, marker = "python_full_version >= '3.10'" },
    { name = "typing-extensions", marker = "python_full_version >= '3.10' and python_full_version < '3.13'" },
]
sdist = { url = "https://files.pythonhosted.org/packages/90/2c/8af215c0f776415f3590cac4f9086ccefd6fd463befeae41cd4d3f193e5a/pytest_asyncio-1.3.0.tar.gz", hash = "sha256:d7f52f36d231b80ee124cd216ffb19369aa168fc10095013c6b014a34d3ee9e5", size = 50087, upload-time = "2025-11-10T16:07:47.256Z" }
wheels = [
    { url = "https://files.pythonhosted.org/packages/e5/35/f8b19922b6a25bc0880171a2f1a003eaeb93657475193ab516fd87cac9da/pytest_asyncio-1.3.0-py3-none-any.whl", hash = "sha256:611e26147c7f77640e6d0a92a38ed17c3e9848063698d5c93d5aa7aa11cebff5", size = 15075, upload-time = "2025-11-10T16:07:45.537Z" },
]

[[package]]
name = "redis"
version = "7.0.1"
source = { registry = "https://pypi.org/simple" }
resolution-markers = [
    "python_full_version < '3.10'",
]
dependencies = [
    { name = "async-timeout", marker = "python_full_version < '3.10'" },
]
sdist = { url = "https://files.pythonhosted.org/packages/57/8f/f125feec0b958e8d22c8f0b492b30b1991d9499a4315dfde466cf4289edc/redis-7.0.1.tar.gz", hash = "sha256:c949df947dca995dc68fdf5a7863950bf6df24f8d6022394585acc98e81624f1", size = 4755322, upload-time = "2025-10-27T14:34:00.33Z" }
wheels = [
    { url = "https://files.pythonhosted.org/packages/e9/97/9f22a33c475cda519f20aba6babb340fb2f2254a02fb947816960d1e669a/redis-7.0.1-py3-none-any.whl", hash = "sha256:4977af3c7d67f8f0eb8b6fec0dafc9605db9343142f634041fb0235f67c0588a", size = 339938, upload-time = "2025-10-27T14:33:58.553Z" },
]

[[package]]
name = "redis"
version = "7.1.0"
source = { registry = "https://pypi.org/simple" }
resolution-markers = [
    "python_full_version >= '3.10'",
]
dependencies = [
    { name = "async-timeout", marker = "python_full_version >= '3.10' and python_full_version < '3.11.3'" },
]
sdist = { url = "https://files.pythonhosted.org/packages/43/c8/983d5c6579a411d8a99bc5823cc5712768859b5ce2c8afe1a65b37832c81/redis-7.1.0.tar.gz", hash = "sha256:b1cc3cfa5a2cb9c2ab3ba700864fb0ad75617b41f01352ce5779dabf6d5f9c3c", size = 4796669, upload-time = "2025-11-19T15:54:39.961Z" }
wheels = [
    { url = "https://files.pythonhosted.org/packages/89/f0/8956f8a86b20d7bb9d6ac0187cf4cd54d8065bc9a1a09eb8011d4d326596/redis-7.1.0-py3-none-any.whl", hash = "sha256:23c52b208f92b56103e17c5d06bdc1a6c2c0b3106583985a76a18f83b265de2b", size = 354159, upload-time = "2025-11-19T15:54:38.064Z" },
]

[[package]]
name = "sortedcontainers"
version = "2.4.0"
source = { registry = "https://pypi.org/simple" }
sdist = { url = "https://files.pythonhosted.org/packages/e8/c4/ba2f8066cceb6f23394729afe52f3bf7adec04bf9ed2c820b39e19299111/sortedcontainers-2.4.0.tar.gz", hash = "sha256:25caa5a06cc30b6b83d11423433f65d1f9d76c4c6a0c90e3379eaa43b9bfdb88", size = 30594, upload-time = "2021-05-16T22:03:42.897Z" }
wheels = [
    { url = "https://files.pythonhosted.org/packages/32/46/9cb0e58b2deb7f82b84065f37f3bffeb12413f947f9388e4cac22c4621ce/sortedcontainers-2.4.0-py2.py3-none-any.whl", hash = "sha256:a163dcaede0f1c021485e957a39245190e74249897e2ae4b2aa38595db237ee0", size = 29575, upload-time = "2021-05-16T22:03:41.177Z" },
]

[[package]]
name = "tomli"
version = "2.0.1"
source = { registry = "https://pypi.org/simple" }
sdist = { url = "https://files.pythonhosted.org/packages/c0/3f/d7af728f075fb08564c5949a9c95e44352e23dee646869fa104a3b2060a3/tomli-2.0.1.tar.gz", hash = "sha256:de526c12914f0c550d15924c62d72abc48d6fe7364aa87328337a31007fe8a4f", size = 15164, upload-time = "2022-02-08T10:54:04.006Z" }
wheels = [
    { url = "https://files.pythonhosted.org/packages/97/75/10a9ebee3fd790d20926a90a2547f0bf78f371b2f13aa822c759680ca7b9/tomli-2.0.1-py3-none-any.whl", hash = "sha256:939de3e7a6161af0c887ef91b7d41a53e7c5a1ca976325f429cb46ea9bc30ecc", size = 12757, upload-time = "2022-02-08T10:54:02.017Z" },
]

[[package]]
name = "typing-extensions"
version = "4.12.2"
source = { registry = "https://pypi.org/simple" }
sdist = { url = "https://files.pythonhosted.org/packages/df/db/f35a00659bc03fec321ba8bce9420de607a1d37f8342eee1863174c69557/typing_extensions-4.12.2.tar.gz", hash = "sha256:1a7ead55c7e559dd4dee8856e3a88b41225abfe1ce8df57b7c13915fe121ffb8", size = 85321, upload-time = "2024-06-07T18:52:15.995Z" }
wheels = [
    { url = "https://files.pythonhosted.org/packages/26/9f/ad63fc0248c5379346306f8668cda6e2e2e9c95e01216d2b8ffd9ff037d0/typing_extensions-4.12.2-py3-none-any.whl", hash = "sha256:04e5ca0351e0f3f85c6853954072df659d0d13fac324d0072316b67d7794700d", size = 37438, upload-time = "2024-06-07T18:52:13.582Z" },
]

[[package]]
name = "valkey"
version = "6.1.1"
source = { registry = "https://pypi.org/simple" }
dependencies = [
    { name = "async-timeout", marker = "python_full_version < '3.11.3'" },
]
sdist = { url = "https://files.pythonhosted.org/packages/c3/ee/7fd930fc712275084722ddd464a0ea296abdb997d2da396320507968daeb/valkey-6.1.1.tar.gz", hash = "sha256:5880792990c6c2b5eb604a5ed5f98f300880b6dd92d123819b66ed54bb259731", size = 4601372, upload-time = "2025-08-11T06:41:10.63Z" }
wheels = [
    { url = "https://files.pythonhosted.org/packages/d0/a2/252afa4da08c714460f49e943070f86a02931f99f886182765194002fe33/valkey-6.1.1-py3-none-any.whl", hash = "sha256:e2691541c6e1503b53c714ad9a35551ac9b7c0bbac93865f063dbc859a46de92", size = 259474, upload-time = "2025-08-11T06:41:08.769Z" },
]

[[package]]
name = "wrapt"
version = "1.16.0"
source = { registry = "https://pypi.org/simple" }
sdist = { url = "https://files.pythonhosted.org/packages/95/4c/063a912e20bcef7124e0df97282a8af3ff3e4b603ce84c481d6d7346be0a/wrapt-1.16.0.tar.gz", hash = "sha256:5f370f952971e7d17c7d1ead40e49f32345a7f7a5373571ef44d800d06b1899d", size = 53972, upload-time = "2023-11-09T06:33:30.191Z" }
wheels = [
    { url = "https://files.pythonhosted.org/packages/a8/c6/5375258add3777494671d8cec27cdf5402abd91016dee24aa2972c61fedf/wrapt-1.16.0-cp310-cp310-macosx_10_9_x86_64.whl", hash = "sha256:ffa565331890b90056c01db69c0fe634a776f8019c143a5ae265f9c6bc4bd6d4", size = 37315, upload-time = "2023-11-09T06:31:34.487Z" },
    { url = "https://files.pythonhosted.org/packages/32/12/e11adfde33444986135d8881b401e4de6cbb4cced046edc6b464e6ad7547/wrapt-1.16.0-cp310-cp310-macosx_11_0_arm64.whl", hash = "sha256:e4fdb9275308292e880dcbeb12546df7f3e0f96c6b41197e0cf37d2826359020", size = 38160, upload-time = "2023-11-09T06:31:36.931Z" },
    { url = "https://files.pythonhosted.org/packages/70/7d/3dcc4a7e96f8d3e398450ec7703db384413f79bd6c0196e0e139055ce00f/wrapt-1.16.0-cp310-cp310-manylinux_2_17_aarch64.manylinux2014_aarch64.whl", hash = "sha256:bb2dee3874a500de01c93d5c71415fcaef1d858370d405824783e7a8ef5db440", size = 80419, upload-time = "2023-11-09T06:31:38.956Z" },
    { url = "https://files.pythonhosted.org/packages/d1/c4/8dfdc3c2f0b38be85c8d9fdf0011ebad2f54e40897f9549a356bebb63a97/wrapt-1.16.0-cp310-cp310-manylinux_2_5_i686.manylinux1_i686.manylinux_2_17_i686.manylinux2014_i686.whl", hash = "sha256:2a88e6010048489cda82b1326889ec075a8c856c2e6a256072b28eaee3ccf487", size = 72669, upload-time = "2023-11-09T06:31:40.741Z" },
    { url = "https://files.pythonhosted.org/packages/49/83/b40bc1ad04a868b5b5bcec86349f06c1ee1ea7afe51dc3e46131e4f39308/wrapt-1.16.0-cp310-cp310-manylinux_2_5_x86_64.manylinux1_x86_64.manylinux_2_17_x86_64.manylinux2014_x86_64.whl", hash = "sha256:ac83a914ebaf589b69f7d0a1277602ff494e21f4c2f743313414378f8f50a4cf", size = 80271, upload-time = "2023-11-09T06:31:42.566Z" },
    { url = "https://files.pythonhosted.org/packages/19/d4/cd33d3a82df73a064c9b6401d14f346e1d2fb372885f0295516ec08ed2ee/wrapt-1.16.0-cp310-cp310-musllinux_1_1_aarch64.whl", hash = "sha256:73aa7d98215d39b8455f103de64391cb79dfcad601701a3aa0dddacf74911d72", size = 84748, upload-time = "2023-11-09T06:31:44.718Z" },
    { url = "https://files.pythonhosted.org/packages/ef/58/2fde309415b5fa98fd8f5f4a11886cbf276824c4c64d45a39da342fff6fe/wrapt-1.16.0-cp310-cp310-musllinux_1_1_i686.whl", hash = "sha256:807cc8543a477ab7422f1120a217054f958a66ef7314f76dd9e77d3f02cdccd0", size = 77522, upload-time = "2023-11-09T06:31:46.343Z" },
    { url = "https://files.pythonhosted.org/packages/07/44/359e4724a92369b88dbf09878a7cde7393cf3da885567ea898e5904049a3/wrapt-1.16.0-cp310-cp310-musllinux_1_1_x86_64.whl", hash = "sha256:bf5703fdeb350e36885f2875d853ce13172ae281c56e509f4e6eca049bdfb136", size = 84780, upload-time = "2023-11-09T06:31:48.006Z" },
    { url = "https://files.pythonhosted.org/packages/88/8f/706f2fee019360cc1da652353330350c76aa5746b4e191082e45d6838faf/wrapt-1.16.0-cp310-cp310-win32.whl", hash = "sha256:f6b2d0c6703c988d334f297aa5df18c45e97b0af3679bb75059e0e0bd8b1069d", size = 35335, upload-time = "2023-11-09T06:31:49.517Z" },
    { url = "https://files.pythonhosted.org/packages/19/2b/548d23362e3002ebbfaefe649b833fa43f6ca37ac3e95472130c4b69e0b4/wrapt-1.16.0-cp310-cp310-win_amd64.whl", hash = "sha256:decbfa2f618fa8ed81c95ee18a387ff973143c656ef800c9f24fb7e9c16054e2", size = 37528, upload-time = "2023-11-09T06:31:50.803Z" },
    { url = "https://files.pythonhosted.org/packages/fd/03/c188ac517f402775b90d6f312955a5e53b866c964b32119f2ed76315697e/wrapt-1.16.0-cp311-cp311-macosx_10_9_x86_64.whl", hash = "sha256:1a5db485fe2de4403f13fafdc231b0dbae5eca4359232d2efc79025527375b09", size = 37313, upload-time = "2023-11-09T06:31:52.168Z" },
    { url = "https://files.pythonhosted.org/packages/0f/16/ea627d7817394db04518f62934a5de59874b587b792300991b3c347ff5e0/wrapt-1.16.0-cp311-cp311-macosx_11_0_arm64.whl", hash = "sha256:75ea7d0ee2a15733684badb16de6794894ed9c55aa5e9903260922f0482e687d", size = 38164, upload-time = "2023-11-09T06:31:53.522Z" },
    { url = "https://files.pythonhosted.org/packages/7f/a7/f1212ba098f3de0fd244e2de0f8791ad2539c03bef6c05a9fcb03e45b089/wrapt-1.16.0-cp311-cp311-manylinux_2_17_aarch64.manylinux2014_aarch64.whl", hash = "sha256:a452f9ca3e3267cd4d0fcf2edd0d035b1934ac2bd7e0e57ac91ad6b95c0c6389", size = 80890, upload-time = "2023-11-09T06:31:55.247Z" },
    { url = "https://files.pythonhosted.org/packages/b7/96/bb5e08b3d6db003c9ab219c487714c13a237ee7dcc572a555eaf1ce7dc82/wrapt-1.16.0-cp311-cp311-manylinux_2_5_i686.manylinux1_i686.manylinux_2_17_i686.manylinux2014_i686.whl", hash = "sha256:43aa59eadec7890d9958748db829df269f0368521ba6dc68cc172d5d03ed8060", size = 73118, upload-time = "2023-11-09T06:31:57.023Z" },
    { url = "https://files.pythonhosted.org/packages/6e/52/2da48b35193e39ac53cfb141467d9f259851522d0e8c87153f0ba4205fb1/wrapt-1.16.0-cp311-cp311-manylinux_2_5_x86_64.manylinux1_x86_64.manylinux_2_17_x86_64.manylinux2014_x86_64.whl", hash = "sha256:72554a23c78a8e7aa02abbd699d129eead8b147a23c56e08d08dfc29cfdddca1", size = 80746, upload-time = "2023-11-09T06:31:58.686Z" },
    { url = "https://files.pythonhosted.org/packages/11/fb/18ec40265ab81c0e82a934de04596b6ce972c27ba2592c8b53d5585e6bcd/wrapt-1.16.0-cp311-cp311-musllinux_1_1_aarch64.whl", hash = "sha256:d2efee35b4b0a347e0d99d28e884dfd82797852d62fcd7ebdeee26f3ceb72cf3", size = 85668, upload-time = "2023-11-09T06:31:59.992Z" },
    { url = "https://files.pythonhosted.org/packages/0f/ef/0ecb1fa23145560431b970418dce575cfaec555ab08617d82eb92afc7ccf/wrapt-1.16.0-cp311-cp311-musllinux_1_1_i686.whl", hash = "sha256:6dcfcffe73710be01d90cae08c3e548d90932d37b39ef83969ae135d36ef3956", size = 78556, upload-time = "2023-11-09T06:32:01.942Z" },
    { url = "https://files.pythonhosted.org/packages/25/62/cd284b2b747f175b5a96cbd8092b32e7369edab0644c45784871528eb852/wrapt-1.16.0-cp311-cp311-musllinux_1_1_x86_64.whl", hash = "sha256:eb6e651000a19c96f452c85132811d25e9264d836951022d6e81df2fff38337d", size = 85712, upload-time = "2023-11-09T06:32:03.686Z" },
    { url = "https://files.pythonhosted.org/packages/e5/a7/47b7ff74fbadf81b696872d5ba504966591a3468f1bc86bca2f407baef68/wrapt-1.16.0-cp311-cp311-win32.whl", hash = "sha256:66027d667efe95cc4fa945af59f92c5a02c6f5bb6012bff9e60542c74c75c362", size = 35327, upload-time = "2023-11-09T06:32:05.284Z" },
    { url = "https://files.pythonhosted.org/packages/cf/c3/0084351951d9579ae83a3d9e38c140371e4c6b038136909235079f2e6e78/wrapt-1.16.0-cp311-cp311-win_amd64.whl", hash = "sha256:aefbc4cb0a54f91af643660a0a150ce2c090d3652cf4052a5397fb2de549cd89", size = 37523, upload-time = "2023-11-09T06:32:07.17Z" },
    { url = "https://files.pythonhosted.org/packages/92/17/224132494c1e23521868cdd57cd1e903f3b6a7ba6996b7b8f077ff8ac7fe/wrapt-1.16.0-cp312-cp312-macosx_10_9_x86_64.whl", hash = "sha256:5eb404d89131ec9b4f748fa5cfb5346802e5ee8836f57d516576e61f304f3b7b", size = 37614, upload-time = "2023-11-09T06:32:08.859Z" },
    { url = "https://files.pythonhosted.org/packages/6a/d7/cfcd73e8f4858079ac59d9db1ec5a1349bc486ae8e9ba55698cc1f4a1dff/wrapt-1.16.0-cp312-cp312-macosx_11_0_arm64.whl", hash = "sha256:9090c9e676d5236a6948330e83cb89969f433b1943a558968f659ead07cb3b36", size = 38316, upload-time = "2023-11-09T06:32:10.719Z" },
    { url = "https://files.pythonhosted.org/packages/7e/79/5ff0a5c54bda5aec75b36453d06be4f83d5cd4932cc84b7cb2b52cee23e2/wrapt-1.16.0-cp312-cp312-manylinux_2_17_aarch64.manylinux2014_aarch64.whl", hash = "sha256:94265b00870aa407bd0cbcfd536f17ecde43b94fb8d228560a1e9d3041462d73", size = 86322, upload-time = "2023-11-09T06:32:12.592Z" },
    { url = "https://files.pythonhosted.org/packages/c4/81/e799bf5d419f422d8712108837c1d9bf6ebe3cb2a81ad94413449543a923/wrapt-1.16.0-cp312-cp312-manylinux_2_5_i686.manylinux1_i686.manylinux_2_17_i686.manylinux2014_i686.whl", hash = "sha256:f2058f813d4f2b5e3a9eb2eb3faf8f1d99b81c3e51aeda4b168406443e8ba809", size = 79055, upload-time = "2023-11-09T06:32:14.394Z" },
    { url = "https://files.pythonhosted.org/packages/62/62/30ca2405de6a20448ee557ab2cd61ab9c5900be7cbd18a2639db595f0b98/wrapt-1.16.0-cp312-cp312-manylinux_2_5_x86_64.manylinux1_x86_64.manylinux_2_17_x86_64.manylinux2014_x86_64.whl", hash = "sha256:98b5e1f498a8ca1858a1cdbffb023bfd954da4e3fa2c0cb5853d40014557248b", size = 87291, upload-time = "2023-11-09T06:32:16.201Z" },
    { url = "https://files.pythonhosted.org/packages/49/4e/5d2f6d7b57fc9956bf06e944eb00463551f7d52fc73ca35cfc4c2cdb7aed/wrapt-1.16.0-cp312-cp312-musllinux_1_1_aarch64.whl", hash = "sha256:14d7dc606219cdd7405133c713f2c218d4252f2a469003f8c46bb92d5d095d81", size = 90374, upload-time = "2023-11-09T06:32:18.052Z" },
    { url = "https://files.pythonhosted.org/packages/a6/9b/c2c21b44ff5b9bf14a83252a8b973fb84923764ff63db3e6dfc3895cf2e0/wrapt-1.16.0-cp312-cp312-musllinux_1_1_i686.whl", hash = "sha256:49aac49dc4782cb04f58986e81ea0b4768e4ff197b57324dcbd7699c5dfb40b9", size = 83896, upload-time = "2023-11-09T06:32:19.533Z" },
    { url = "https://files.pythonhosted.org/packages/14/26/93a9fa02c6f257df54d7570dfe8011995138118d11939a4ecd82cb849613/wrapt-1.16.0-cp312-cp312-musllinux_1_1_x86_64.whl", hash = "sha256:418abb18146475c310d7a6dc71143d6f7adec5b004ac9ce08dc7a34e2babdc5c", size = 91738, upload-time = "2023-11-09T06:32:20.989Z" },
    { url = "https://files.pythonhosted.org/packages/a2/5b/4660897233eb2c8c4de3dc7cefed114c61bacb3c28327e64150dc44ee2f6/wrapt-1.16.0-cp312-cp312-win32.whl", hash = "sha256:685f568fa5e627e93f3b52fda002c7ed2fa1800b50ce51f6ed1d572d8ab3e7fc", size = 35568, upload-time = "2023-11-09T06:32:22.715Z" },
    { url = "https://files.pythonhosted.org/packages/5c/cc/8297f9658506b224aa4bd71906447dea6bb0ba629861a758c28f67428b91/wrapt-1.16.0-cp312-cp312-win_amd64.whl", hash = "sha256:dcdba5c86e368442528f7060039eda390cc4091bfd1dca41e8046af7c910dda8", size = 37653, upload-time = "2023-11-09T06:32:24.533Z" },
    { url = "https://files.pythonhosted.org/packages/70/cc/b92e1da2cad6a9f8ee481000ece07a35e3b24e041e60ff8b850c079f0ebf/wrapt-1.16.0-cp39-cp39-macosx_10_9_x86_64.whl", hash = "sha256:9b201ae332c3637a42f02d1045e1d0cccfdc41f1f2f801dafbaa7e9b4797bfc2", size = 37314, upload-time = "2023-11-09T06:33:12.535Z" },
    { url = "https://files.pythonhosted.org/packages/4a/cc/3402bcc897978be00fef608cd9e3e39ec8869c973feeb5e1e277670e5ad2/wrapt-1.16.0-cp39-cp39-macosx_11_0_arm64.whl", hash = "sha256:2076fad65c6736184e77d7d4729b63a6d1ae0b70da4868adeec40989858eb3fb", size = 38162, upload-time = "2023-11-09T06:33:14.102Z" },
    { url = "https://files.pythonhosted.org/packages/28/d3/4f079f649c515727c127c987b2ec2e0816b80d95784f2d28d1a57d2a1029/wrapt-1.16.0-cp39-cp39-manylinux_2_17_aarch64.manylinux2014_aarch64.whl", hash = "sha256:c5cd603b575ebceca7da5a3a251e69561bec509e0b46e4993e1cac402b7247b8", size = 80235, upload-time = "2023-11-09T06:33:15.446Z" },
    { url = "https://files.pythonhosted.org/packages/a3/1c/226c2a4932e578a2241dcb383f425995f80224b446f439c2e112eb51c3a6/wrapt-1.16.0-cp39-cp39-manylinux_2_5_i686.manylinux1_i686.manylinux_2_17_i686.manylinux2014_i686.whl", hash = "sha256:b47cfad9e9bbbed2339081f4e346c93ecd7ab504299403320bf85f7f85c7d46c", size = 72553, upload-time = "2023-11-09T06:33:17.315Z" },
    { url = "https://files.pythonhosted.org/packages/b1/e7/459a8a4f40f2fa65eb73cb3f339e6d152957932516d18d0e996c7ae2d7ae/wrapt-1.16.0-cp39-cp39-manylinux_2_5_x86_64.manylinux1_x86_64.manylinux_2_17_x86_64.manylinux2014_x86_64.whl", hash = "sha256:f8212564d49c50eb4565e502814f694e240c55551a5f1bc841d4fcaabb0a9b8a", size = 80129, upload-time = "2023-11-09T06:33:18.858Z" },
    { url = "https://files.pythonhosted.org/packages/da/6f/6d0b3c4983f1fc764a422989dabc268ee87d937763246cd48aa92f1eed1e/wrapt-1.16.0-cp39-cp39-musllinux_1_1_aarch64.whl", hash = "sha256:5f15814a33e42b04e3de432e573aa557f9f0f56458745c2074952f564c50e664", size = 84550, upload-time = "2023-11-09T06:33:20.267Z" },
    { url = "https://files.pythonhosted.org/packages/96/e8/27ef35cf61e5147c1c3abcb89cfbb8d691b2bb8364803fcc950140bc14d8/wrapt-1.16.0-cp39-cp39-musllinux_1_1_i686.whl", hash = "sha256:db2e408d983b0e61e238cf579c09ef7020560441906ca990fe8412153e3b291f", size = 77352, upload-time = "2023-11-09T06:33:22.041Z" },
    { url = "https://files.pythonhosted.org/packages/b6/ad/7a0766341081bfd9f18a7049e4d6d45586ae5c5bb0a640f05e2f558e849c/wrapt-1.16.0-cp39-cp39-musllinux_1_1_x86_64.whl", hash = "sha256:edfad1d29c73f9b863ebe7082ae9321374ccb10879eeabc84ba3b69f2579d537", size = 84626, upload-time = "2023-11-09T06:33:23.634Z" },
    { url = "https://files.pythonhosted.org/packages/09/43/b26852e9c45a1aac0d14b1080b25b612fa840ba99739c5fc55db07b7ce08/wrapt-1.16.0-cp39-cp39-win32.whl", hash = "sha256:ed867c42c268f876097248e05b6117a65bcd1e63b779e916fe2e33cd6fd0d3c3", size = 35327, upload-time = "2023-11-09T06:33:25.43Z" },
    { url = "https://files.pythonhosted.org/packages/74/f2/96ed140b08743f7f68d5bda35a2a589600781366c3da96f056043d258b1a/wrapt-1.16.0-cp39-cp39-win_amd64.whl", hash = "sha256:eb1b046be06b0fce7249f1d025cd359b4b80fc1c3e24ad9eca33e0dcdb2e4a35", size = 37526, upload-time = "2023-11-09T06:33:26.882Z" },
    { url = "https://files.pythonhosted.org/packages/ff/21/abdedb4cdf6ff41ebf01a74087740a709e2edb146490e4d9beea054b0b7a/wrapt-1.16.0-py3-none-any.whl", hash = "sha256:6906c4100a8fcbf2fa735f6059214bb13b97f75b1a61777fcf6432121ef12ef1", size = 23362, upload-time = "2023-11-09T06:33:28.271Z" },
]

[[package]]
name = "zipp"
version = "3.19.2"
source = { registry = "https://pypi.org/simple" }
sdist = { url = "https://files.pythonhosted.org/packages/d3/20/b48f58857d98dcb78f9e30ed2cfe533025e2e9827bbd36ea0a64cc00cbc1/zipp-3.19.2.tar.gz", hash = "sha256:bf1dcf6450f873a13e952a29504887c89e6de7506209e5b1bcc3460135d4de19", size = 22922, upload-time = "2024-06-04T17:21:09.042Z" }
wheels = [
    { url = "https://files.pythonhosted.org/packages/20/38/f5c473fe9b90c8debdd29ea68d5add0289f1936d6f923b6b9cc0b931194c/zipp-3.19.2-py3-none-any.whl", hash = "sha256:f091755f667055f2d02b32c53771a7a6c8b47e1fdbc4b72a8b9072b3eef8015c", size = 9039, upload-time = "2024-06-04T17:21:07.146Z" },
]
